
Microsoft Visual Studio Solution File, Format Version 12.00
# Visual Studio Version 16
VisualStudioVersion = 16.0.31605.320
MinimumVisualStudioVersion = 10.0.40219.1
Project("{FAE04EC0-301F-11D3-BF4B-00C04F79EFBC}") = "Pattern", "CSAssignment2\Pattern.csproj", "{D6169F07-0D87-49D5-BFF9-65D771D2ACA9}"
EndProject
Global
	GlobalSection(SolutionConfigurationPlatforms) = preSolution
		Debug|Any CPU = Debug|Any CPU
		Release|Any CPU = Release|Any CPU
	EndGlobalSection
	GlobalSection(ProjectConfigurationPlatforms) = postSolution
		{D6169F07-0D87-49D5-BFF9-65D771D2ACA9}.Debug|Any CPU.ActiveCfg = Debug|Any CPU
		{D6169F07-0D87-49D5-BFF9-65D771D2ACA9}.Debug|Any CPU.Build.0 = Debug|Any CPU
		{D6169F07-0D87-49D5-BFF9-65D771D2ACA9}.Release|Any CPU.ActiveCfg = Release|Any CPU
		{D6169F07-0D87-49D5-BFF9-65D771D2ACA9}.Release|Any CPU.Build.0 = Release|Any CPU
	EndGlobalSection
	GlobalSection(SolutionProperties) = preSolution
		HideSolutionNode = FALSE
	EndGlobalSection
	GlobalSection(ExtensibilityGlobals) = postSolution
		SolutionGuid = {EB2A5292-C186-49ED-9E1C-8FD9B3CCDA73}
	EndGlobalSection
EndGlobal
